
Microsoft Visual Studio Solution File, Format Version 12.00
# Visual Studio Express 2012 for Web
Project("{E24C65DC-7377-472B-9ABA-BC803B73C61A}") = "HW7", ".", "{EBEEAC45-BF9B-413E-B7B4-BF845F2D35AD}"
	ProjectSection(WebsiteProperties) = preProject
		TargetFrameworkMoniker = ".NETFramework,Version%3Dv4.0"
		Debug.AspNetCompiler.VirtualPath = "/HW7"
		Debug.AspNetCompiler.PhysicalPath = "..\HW7\"
		Debug.AspNetCompiler.TargetPath = "PrecompiledWeb\HW7\"
		Debug.AspNetCompiler.Updateable = "true"
		Debug.AspNetCompiler.ForceOverwrite = "true"
		Debug.AspNetCompiler.FixedNames = "false"
		Debug.AspNetCompiler.Debug = "True"
		Release.AspNetCompiler.VirtualPath = "/HW7"
		Release.AspNetCompiler.PhysicalPath = "..\HW7\"
		Release.AspNetCompiler.TargetPath = "PrecompiledWeb\HW7\"
		Release.AspNetCompiler.Updateable = "true"
		Release.AspNetCompiler.ForceOverwrite = "true"
		Release.AspNetCompiler.FixedNames = "false"
		Release.AspNetCompiler.Debug = "False"
		VWDPort = "64806"
	EndProjectSection
EndProject
Global
	GlobalSection(SolutionConfigurationPlatforms) = preSolution
		Debug|Any CPU = Debug|Any CPU
	EndGlobalSection
	GlobalSection(ProjectConfigurationPlatforms) = postSolution
		{EBEEAC45-BF9B-413E-B7B4-BF845F2D35AD}.Debug|Any CPU.ActiveCfg = Debug|Any CPU
		{EBEEAC45-BF9B-413E-B7B4-BF845F2D35AD}.Debug|Any CPU.Build.0 = Debug|Any CPU
	EndGlobalSection
	GlobalSection(SolutionProperties) = preSolution
		HideSolutionNode = FALSE
	EndGlobalSection
EndGlobal
